hash: 55879b10ac4be206aceb802b60c6b908b1b973add1bbfc7f7d9f5bf58542c260
updated: 2017-01-08T01:32:03.794525985+05:30
imports:
- name: github.com/fatih/structs
  version: dc3312cb1a4513a366c4c9e622ad55c32df12ed3
- name: github.com/garyburd/redigo
  version: d7de57ceb51b029d5c5a61e26587f672e2834178
  subpackages:
  - internal
  - redis
- name: github.com/geekypanda/httpcache
  version: 76ba6c68462ae362cda7564c44492b95322b363a
  subpackages:
  - internal
  - internal/fhttp
  - internal/fhttp/rule
  - internal/nethttp
  - internal/nethttp/rule
  - internal/server
- name: github.com/golang/protobuf
  version: 8ee79997227bf9b34611aee7946ae64735e6fd93
  subpackages:
  - proto
- name: github.com/google/go-github
  version: 5c45bca952b96dedace6c307caff915483013003
  subpackages:
  - github
- name: github.com/google/go-querystring
  version: 9235644dd9e52eeae6fa48efd539fdc351a0af53
  subpackages:
  - query
- name: github.com/gorilla/websocket
  version: 0868951cdb8e69bc42df4598bdc6164ff2f1a072
- name: github.com/hashicorp/go-version
  version: e96d3840402619007766590ecea8dd7af1292276
- name: github.com/imdario/mergo
  version: 50d4dbd4eb0e84778abe37cefef140271d96fade
- name: github.com/iris-contrib/formBinder
  version: 81b6a071e35797b83562caf4b3cad24dc01912dc
- name: github.com/iris-contrib/gothic
  version: 1cbef10677dd98d13c684d317723cf04feae8f67
- name: github.com/iris-contrib/lego
  version: 095d7f6459c501cb15319aa2754afa221b81a3ec
  subpackages:
  - acme
- name: github.com/iris-contrib/letsencrypt
  version: 1a3e5c619a13b307df3b1b4da7cb7e57d2e156dd
- name: github.com/iris-contrib/middleware
  version: eff973db50aaea60190e75f8f5dc343f7de34b38
  subpackages:
  - basicauth
- name: github.com/iris-contrib/plugin
  version: fd9a67d0d63bc25eda23cbd7d88158c657c046d3
  subpackages:
  - oauth
- name: github.com/iris-contrib/websocket
  version: cc9f1712095295a828e9a2efaef388d30b9c7760
- name: github.com/kataras/go-errors
  version: 0f977b82cc78d5d31bb75fb6f903ad9e852c8bbd
- name: github.com/kataras/go-fs
  version: c029e113d9faaf558b730f06041c8bf9545a3502
- name: github.com/kataras/go-options
  version: 23b556c1b935c594ec6d71ff81ead4dbeec3aa8d
- name: github.com/kataras/go-serializer
  version: 0bd874a15c70db74ef2e668e5eeda27041f03b81
  subpackages:
  - data
  - json
  - jsonp
  - markdown
  - text
  - xml
- name: github.com/kataras/go-sessions
  version: d66895d7f2802f7109185621459ae26521ac6ecf
- name: github.com/kataras/go-template
  version: 457f21178102f4688603eccbb4f2e8d5ae1023bf
  subpackages:
  - html
- name: github.com/kataras/go-websocket
  version: c729bee5acd8f738a3e8f7dd675430aede00c21f
- name: github.com/kataras/iris
  version: bfac948889256ebe36e3a1b2b2dc32bbd3c7e82a
  subpackages:
  - utils
- name: github.com/klauspost/compress
  version: e3b7981a12dd3cab49afa1d3a50e715846f23732
  subpackages:
  - flate
  - gzip
  - zlib
- name: github.com/klauspost/cpuid
  version: 09cded8978dc9e80714c4d85b0322337b0a1e5e0
- name: github.com/klauspost/crc32
  version: cb6bfca970f6908083f26f39a79009d608efd5cd
- name: github.com/markbates/goth
  version: 3acbc121d85c1252780116f20382b3bee6c48597
  subpackages:
  - providers/amazon
  - providers/bitbucket
  - providers/box
  - providers/digitalocean
  - providers/dropbox
  - providers/facebook
  - providers/github
  - providers/gitlab
  - providers/gplus
  - providers/heroku
  - providers/instagram
  - providers/lastfm
  - providers/linkedin
  - providers/onedrive
  - providers/paypal
  - providers/salesforce
  - providers/slack
  - providers/soundcloud
  - providers/spotify
  - providers/steam
  - providers/stripe
  - providers/twitch
  - providers/twitter
  - providers/uber
  - providers/wepay
  - providers/yahoo
  - providers/yammer
- name: github.com/microcosm-cc/bluemonday
  version: e79763773ab6222ca1d5a7cbd9d62d83c1f77081
- name: github.com/miekg/dns
  version: 4744e915eb51a9defb5fb13c24ce2c8408d2fd98
- name: github.com/mrjones/oauth
  version: 88427e754deb856c87036b0f91c069bc4f6a1411
- name: github.com/russross/blackfriday
  version: 5f33e7b7878355cd2b7e6b8eefc48a5472c69f70
- name: github.com/shurcooL/sanitized_anchor_name
  version: 1dba4b3954bc059efc3991ec364f9f9a35f597d2
- name: github.com/square/go-jose
  version: 50df5ca198e569d06795909c091ac0cea62e925a
  subpackages:
  - cipher
  - json
- name: github.com/valyala/bytebufferpool
  version: e746df99fe4a3986f4d4f79e13c1e0117ce9c2f7
- name: github.com/valyala/fasthttp
  version: 1dc5bc133b3436ba3e2a3a0690e94e26b9d823b2
  subpackages:
  - fasthttpadaptor
  - fasthttputil
  - stackless
- name: golang.org/x/crypto
  version: b07d8c96772f426812d3fc5530710ec1f3b205e7
  subpackages:
  - acme
  - acme/autocert
  - ocsp
- name: golang.org/x/net
  version: e31bd588d1077ee66a958c0ad3a235f2084b4195
  subpackages:
  - context
  - context/ctxhttp
  - html
  - html/atom
  - publicsuffix
- name: golang.org/x/oauth2
  version: da3ce8d62a7f77aadfda06cb82bd604d6469c645
  subpackages:
  - internal
- name: golang.org/x/time
  version: f51c12702a4d776e4c1fa9b0fabab841babae631
  subpackages:
  - rate
- name: google.golang.org/appengine
  version: ca59ef35f409df61fa4a5f8290ff289b37eccfb8
  subpackages:
  - internal
  - internal/base
  - internal/datastore
  - internal/log
  - internal/remote_api
  - internal/urlfetch
  - urlfetch
- name: gopkg.in/kataras/go-errors.v0
  version: d2aaffdebcb40c69c4cb6a95e436430cde192435
- name: gopkg.in/kataras/go-sessions.v0
  version: d7ae81e3f9a643facd6f210f3bb1dc3674302b10
  subpackages:
  - sessiondb/redis
  - sessiondb/redis/service
- name: gopkg.in/kataras/iris.v5
  version: bfac948889256ebe36e3a1b2b2dc32bbd3c7e82a
- name: gopkg.in/mgo.v2
  version: 3f83fa5005286a7fe593b055f0d7771a7dce4655
  subpackages:
  - bson
  - internal/json
  - internal/sasl
  - internal/scram
- name: gopkg.in/square/go-jose.v1
  version: 296c7f1463ec9b712176dc804dea0173d06dc728
  subpackages:
  - cipher
  - json
testImports: []
