hash: 51315faef26e094e6e237cd6ec75b31f5e2bfbf09a3dd114f143c84eb677d63e
updated: 2016-12-10T03:12:04.705592781+05:30
imports:
- name: github.com/fatih/structs
  version: dc3312cb1a4513a366c4c9e622ad55c32df12ed3
- name: github.com/garyburd/redigo
  version: d7de57ceb51b029d5c5a61e26587f672e2834178
  subpackages:
  - internal
  - redis
- name: github.com/golang/protobuf
  version: 8ee79997227bf9b34611aee7946ae64735e6fd93
  subpackages:
  - proto
- name: github.com/google/go-github
  version: 5c45bca952b96dedace6c307caff915483013003
  subpackages:
  - github
- name: github.com/google/go-querystring
  version: 9235644dd9e52eeae6fa48efd539fdc351a0af53
  subpackages:
  - query
- name: github.com/gorilla/websocket
  version: 0868951cdb8e69bc42df4598bdc6164ff2f1a072
- name: github.com/hashicorp/go-version
  version: e96d3840402619007766590ecea8dd7af1292276
- name: github.com/imdario/mergo
  version: 50d4dbd4eb0e84778abe37cefef140271d96fade
- name: github.com/iris-contrib/lego
  version: 095d7f6459c501cb15319aa2754afa221b81a3ec
  subpackages:
  - acme
- name: github.com/iris-contrib/middleware
  version: d918054efd6f421666f2e23da1e0c11629e98126
  subpackages:
  - basicauth
- name: github.com/iris-contrib/plugin
  version: 3164b55cc27d5b562a1d49d0549df3a41ba4d7d9
  subpackages:
  - oauth
- name: github.com/kataras/go-errors
  version: 0f977b82cc78d5d31bb75fb6f903ad9e852c8bbd
- name: github.com/kataras/go-sessions
  version: d66895d7f2802f7109185621459ae26521ac6ecf
  subpackages:
  - sessiondb/redis
  - sessiondb/redis/service
- name: github.com/kataras/iris
  version: 7e286481367a88741e38b610c49dc32b6487c8fe
- name: github.com/klauspost/compress
  version: e3b7981a12dd3cab49afa1d3a50e715846f23732
  subpackages:
  - flate
  - gzip
  - zlib
- name: github.com/klauspost/cpuid
  version: 09cded8978dc9e80714c4d85b0322337b0a1e5e0
- name: github.com/klauspost/crc32
  version: cb6bfca970f6908083f26f39a79009d608efd5cd
- name: github.com/markbates/goth
  version: 3acbc121d85c1252780116f20382b3bee6c48597
  subpackages:
  - providers/amazon
  - providers/bitbucket
  - providers/box
  - providers/digitalocean
  - providers/dropbox
  - providers/facebook
  - providers/github
  - providers/gitlab
  - providers/gplus
  - providers/heroku
  - providers/instagram
  - providers/lastfm
  - providers/linkedin
  - providers/onedrive
  - providers/paypal
  - providers/salesforce
  - providers/slack
  - providers/soundcloud
  - providers/spotify
  - providers/steam
  - providers/stripe
  - providers/twitch
  - providers/twitter
  - providers/uber
  - providers/wepay
  - providers/yahoo
  - providers/yammer
- name: github.com/microcosm-cc/bluemonday
  version: e79763773ab6222ca1d5a7cbd9d62d83c1f77081
- name: github.com/miekg/dns
  version: 4744e915eb51a9defb5fb13c24ce2c8408d2fd98
- name: github.com/mrjones/oauth
  version: 88427e754deb856c87036b0f91c069bc4f6a1411
- name: github.com/russross/blackfriday
  version: 5f33e7b7878355cd2b7e6b8eefc48a5472c69f70
- name: github.com/shurcooL/sanitized_anchor_name
  version: 1dba4b3954bc059efc3991ec364f9f9a35f597d2
- name: github.com/square/go-jose
  version: 50df5ca198e569d06795909c091ac0cea62e925a
  subpackages:
  - cipher
  - json
- name: github.com/valyala/bytebufferpool
  version: e746df99fe4a3986f4d4f79e13c1e0117ce9c2f7
- name: github.com/valyala/fasthttp
  version: 1dc5bc133b3436ba3e2a3a0690e94e26b9d823b2
  subpackages:
  - fasthttpadaptor
  - fasthttputil
  - stackless
- name: golang.org/x/crypto
  version: b07d8c96772f426812d3fc5530710ec1f3b205e7
  subpackages:
  - acme
  - acme/autocert
  - ocsp
- name: golang.org/x/net
  version: e31bd588d1077ee66a958c0ad3a235f2084b4195
  subpackages:
  - context
  - context/ctxhttp
  - html
  - html/atom
  - publicsuffix
- name: golang.org/x/oauth2
  version: da3ce8d62a7f77aadfda06cb82bd604d6469c645
  subpackages:
  - internal
- name: golang.org/x/time
  version: f51c12702a4d776e4c1fa9b0fabab841babae631
  subpackages:
  - rate
- name: google.golang.org/appengine
  version: ca59ef35f409df61fa4a5f8290ff289b37eccfb8
  subpackages:
  - internal
  - internal/base
  - internal/datastore
  - internal/log
  - internal/remote_api
  - internal/urlfetch
  - urlfetch
- name: gopkg.in/geekypanda/httpcache.v0
  version: 76cace3b49b4d5d13592f13e4e7024d7107a4043
- name: gopkg.in/iris-contrib/formBinder.v4
  version: 39c8cd740c8f5a6831bec11c534a850e02c342a3
- name: gopkg.in/iris-contrib/gothic.v4
  version: a17572dcb7cb70e42cebb2f4e2055697ab0fdc39
- name: gopkg.in/iris-contrib/letsencrypt.v4
  version: 1a3e5c619a13b307df3b1b4da7cb7e57d2e156dd
- name: gopkg.in/iris-contrib/websocket.v4
  version: 655e781f648acd8b35a698e949b972ad8d9cbf53
- name: gopkg.in/kataras/go-errors.v0
  version: d2aaffdebcb40c69c4cb6a95e436430cde192435
- name: gopkg.in/kataras/go-fs.v0
  version: ecf3587588f7218a21a991a1c0a9f4bdebd20cc1
- name: gopkg.in/kataras/go-options.v0
  version: 23b556c1b935c594ec6d71ff81ead4dbeec3aa8d
- name: gopkg.in/kataras/go-serializer.v0
  version: 58326973780f8eb63f576033dca215707a05a51a
  subpackages:
  - data
  - json
  - jsonp
  - markdown
  - text
  - xml
- name: gopkg.in/kataras/go-sessions.v0
  version: d66895d7f2802f7109185621459ae26521ac6ecf
  subpackages:
  - sessiondb/redis/service
- name: gopkg.in/kataras/go-template.v0
  version: ad601fbfa7744aba4bfa592d781b2cc8f6db6539
  subpackages:
  - html
- name: gopkg.in/kataras/go-websocket.v0
  version: c77a562c4403defbb12a5a495be4d636691c0bf9
- name: gopkg.in/kataras/iris.v4
  version: c1f22b9545617914995c0decc7f54f65336c12e4
  subpackages:
  - utils
- name: gopkg.in/mgo.v2
  version: 3f83fa5005286a7fe593b055f0d7771a7dce4655
  subpackages:
  - bson
  - internal/json
  - internal/sasl
  - internal/scram
testImports: []
